{
  "lockfileVersion": 1,
  "configVersion": 1,
  "workspaces": {
    "": {
      "name": "suiqr-scripts",
      "dependencies": {
        "@cetusprotocol/aggregator-sdk": "^1.5.3",
        "@coinbase/cdp-sdk": "^1.55.0",
        "@mysten/sui": "^2.16.2",
        "@mysten/zklogin": "^0.8.1",
        "@noble/hashes": "^2.2.0",
      },
    },
  },
  "packages": {
    "@0no-co/graphql.web": ["@0no-co/graphql.web@1.2.0", "", { "peerDependencies": { "graphql": "^14.0.0 || ^15.0.0 || ^16.0.0" }, "optionalPeers": ["graphql"] }, "sha512-/1iHy9TTr63gE1YcR5idjx8UREz1s0kFhydf3bBLCXyqjhkIc6igAzTOx3zPifCwFR87tsh/4Pa9cNts6d2otw=="],

    "@0no-co/graphqlsp": ["@0no-co/graphqlsp@1.15.4", "", { "dependencies": { "@gql.tada/internal": "^1.0.0", "graphql": "^15.5.0 || ^16.0.0 || ^17.0.0" }, "peerDependencies": { "typescript": "^5.0.0 || ^6.0.0" } }, "sha512-Nt1DVHcZ08lKRKwhiU0amXH77fSdrO6DzyjLE0DkCxfbM/N1SAs32d76y1xtCzM5H9eT0iDS7SdksgRXWJu05g=="],

    "@adraffy/ens-normalize": ["@adraffy/ens-normalize@1.11.1", "", {}, "sha512-nhCBV3quEgesuf7c7KYfperqSS14T8bYuvJ8PcLJp6znkZpFc0AuW4qBtr8eKVyPPe/8RSr7sglCWPU5eaxwKQ=="],

    "@cetusprotocol/aggregator-sdk": ["@cetusprotocol/aggregator-sdk@1.5.3", "", { "dependencies": { "@mysten/sui": "^2.6.0", "@pythnetwork/hermes-client": "^3.1.0", "bip39": "^3.1.0", "dotenv": "^16.4.5", "json-bigint": "^1.0.0", "node-fetch": "^3.3.2" }, "peerDependencies": { "typescript": "^5.0.0" } }, "sha512-KT858RhCjjA1QgkhM0V7zNbQu6g+tKrvx7zrd+0hV3gHN93ORbbZTcrbWtOlUaYTJNDW3nXdGgGvnPqY1HpAfw=="],

    "@coinbase/cdp-sdk": ["@coinbase/cdp-sdk@1.55.0", "", { "dependencies": { "@solana-program/system": "^0.10.0", "@solana-program/token": "^0.9.0", "@solana/kit": "^5.5.1", "abitype": "1.0.6", "axios": "1.16.0", "axios-retry": "^4.5.0", "bs58": "^6.0.0", "jose": "^6.2.0", "md5": "^2.3.0", "uncrypto": "^0.1.3", "viem": "^2.47.0", "zod": "^3.25.76" }, "peerDependencies": { "@x402/core": "^2.21.0", "@x402/evm": "^2.21.0", "@x402/extensions": "^2.21.0", "@x402/svm": "^2.21.0" }, "optionalPeers": ["@x402/core", "@x402/evm", "@x402/extensions", "@x402/svm"] }, "sha512-5PbUg3n3Jk9nm8nEStskRv6jTrVZKkgwxMFjW+i/xUDDzK1fXksKwXdjgUiHB1hf0FZx1LiYBosrh4IULxFyPA=="],

    "@gql.tada/cli-utils": ["@gql.tada/cli-utils@1.7.3", "", { "dependencies": { "@0no-co/graphqlsp": "^1.12.13", "@gql.tada/internal": "1.0.9", "graphql": "^15.5.0 || ^16.0.0 || ^17.0.0" }, "peerDependencies": { "@gql.tada/svelte-support": "1.0.2", "@gql.tada/vue-support": "1.0.2", "typescript": "^5.0.0 || ^6.0.0" }, "optionalPeers": ["@gql.tada/svelte-support", "@gql.tada/vue-support"] }, "sha512-3iQY5E/jvv3Lnh6D1Mh7zr+Bb9C/TGk1DHkm+lbIjQBnZAu2m+BcTcr1e3spUt6Aa6HG/xAN2XxpbWw9oZALEg=="],

    "@gql.tada/internal": ["@gql.tada/internal@1.0.9", "", { "dependencies": { "@0no-co/graphql.web": "^1.0.5" }, "peerDependencies": { "graphql": "^15.5.0 || ^16.0.0 || ^17.0.0", "typescript": "^5.0.0 || ^6.0.0" } }, "sha512-Bp8yi+kLrzIJ3l5Dfxhz48H4OCH2LCX+pShaPcJgh+oiBt6clrjUKDYNDD3Z78aDQ3+Tyrxe4dd0MfLgpSLPPg=="],

    "@graphql-typed-document-node/core": ["@graphql-typed-document-node/core@3.2.0", "", { "peerDependencies": { "graphql": "^0.8.0 || ^0.9.0 || ^0.10.0 || ^0.11.0 || ^0.12.0 || ^0.13.0 || ^14.0.0 || ^15.0.0 || ^16.0.0 || ^17.0.0" } }, "sha512-mB9oAsNCm9aM3/SOv4YtBMqZbYj10R7dkq8byBqxGY/ncFwhf2oQzMV+LCRlWoDSEBJ3COiR1yeDvMtsoOsuFQ=="],

    "@mysten/bcs": ["@mysten/bcs@2.0.5", "", { "dependencies": { "@mysten/utils": "^0.3.3", "@scure/base": "^2.0.0" } }, "sha512-Dop9Xq36DPLlsmIDQZvUg4uJeBBxIGirgp2OXGaEff+mtLKFBoW2HnE3aSTSSpiMQH9XRhjwtiM16zFJhFqz0Q=="],

    "@mysten/sui": ["@mysten/sui@2.16.2", "", { "dependencies": { "@graphql-typed-document-node/core": "^3.2.0", "@mysten/bcs": "^2.0.5", "@mysten/utils": "^0.3.3", "@noble/curves": "^2.0.1", "@noble/hashes": "^2.0.1", "@protobuf-ts/grpcweb-transport": "^2.11.1", "@protobuf-ts/runtime": "^2.11.1", "@protobuf-ts/runtime-rpc": "^2.11.1", "@scure/base": "^2.0.0", "@scure/bip32": "^2.0.1", "@scure/bip39": "^2.0.1", "gql.tada": "^1.9.0", "graphql": "^16.12.0", "poseidon-lite": "0.2.1", "valibot": "^1.2.0" } }, "sha512-WUTY3ATXGjzdkTHArNBQy8kRTGY4Rm0K5lZ98wBe5jbrBriF9VSHp87oqQ3egIBM5eNo0ENLkWXBguAK0ge64Q=="],

    "@mysten/utils": ["@mysten/utils@0.3.3", "", { "dependencies": { "@scure/base": "^2.0.0" } }, "sha512-gVHn5toh24eXXLEyBknwwM2F/tbDgqPX0yj77KtHjuoYUallcQ9vSwGfGsAy39IcTB259Yprt/ZOEwdup+zrpA=="],

    "@mysten/zklogin": ["@mysten/zklogin@0.8.1", "", { "dependencies": { "@mysten/sui": "1.16.1" } }, "sha512-df3g8RxU/x6gi+uU371nmv1zcJD7iRaeFRsp3JREafnpl6DarKd1br6eFF8tGrrIhwBEtSmjcENivaw/YDwrLw=="],

    "@noble/ciphers": ["@noble/ciphers@1.3.0", "", {}, "sha512-2I0gnIVPtfnMw9ee9h1dJG7tp81+8Ob3OJb3Mv37rx5L40/b0i7djjCVvGOVqc9AEIQyvyu1i6ypKdFw8R8gQw=="],

    "@noble/curves": ["@noble/curves@2.2.0", "", { "dependencies": { "@noble/hashes": "2.2.0" } }, "sha512-T/BoHgFXirb0ENSPBquzX0rcjXeM6Lo892a2jlYJkqk83LqZx0l1Of7DzlKJ6jkpvMrkHSnAcgb5JegL8SeIkQ=="],

    "@noble/hashes": ["@noble/hashes@2.2.0", "", {}, "sha512-IYqDGiTXab6FniAgnSdZwgWbomxpy9FtYvLKs7wCUs2a8RkITG+DFGO1DM9cr+E3/RgADRpFjrKVaJ1z6sjtEg=="],

    "@protobuf-ts/grpcweb-transport": ["@protobuf-ts/grpcweb-transport@2.11.1", "", { "dependencies": { "@protobuf-ts/runtime": "^2.11.1", "@protobuf-ts/runtime-rpc": "^2.11.1" } }, "sha512-1W4utDdvOB+RHMFQ0soL4JdnxjXV+ddeGIUg08DvZrA8Ms6k5NN6GBFU2oHZdTOcJVpPrDJ02RJlqtaoCMNBtw=="],

    "@protobuf-ts/runtime": ["@protobuf-ts/runtime@2.11.1", "", {}, "sha512-KuDaT1IfHkugM2pyz+FwiY80ejWrkH1pAtOBOZFuR6SXEFTsnb/jiQWQ1rCIrcKx2BtyxnxW6BWwsVSA/Ie+WQ=="],

    "@protobuf-ts/runtime-rpc": ["@protobuf-ts/runtime-rpc@2.11.1", "", { "dependencies": { "@protobuf-ts/runtime": "^2.11.1" } }, "sha512-4CqqUmNA+/uMz00+d3CYKgElXO9VrEbucjnBFEjqI4GuDrEQ32MaI3q+9qPBvIGOlL4PmHXrzM32vBPWRhQKWQ=="],

    "@pythnetwork/hermes-client": ["@pythnetwork/hermes-client@3.1.0", "", { "dependencies": { "@zodios/core": "^10.9.6", "eventsource": "^3.0.5", "zod": "^3.23.8" } }, "sha512-KEILjOCtnq/CRfnmDSnNS3egBuSupDglAE/dIDy8Y9S+zMm69lFQJUP87fuymWdpkI0JKmGHWtVX6R9edEGNtA=="],

    "@scure/base": ["@scure/base@2.2.0", "", {}, "sha512-b8XEupJibegiXV+tDUseI8oLQc8ei3d/4Jkb2RpbHh3MfE054ov3uIz2dhFkB3FI8iwYkEh0gGCApkrYggkPNg=="],

    "@scure/bip32": ["@scure/bip32@2.2.0", "", { "dependencies": { "@noble/curves": "2.2.0", "@noble/hashes": "2.2.0", "@scure/base": "2.2.0" } }, "sha512-zFr7t2F+a9+5tB7QbarF2HQNYrgjCNaoLAupZdKkrFMYMozJf5zqH2WJCQibMzm1qQ0QogrxVGO3qXfQDYMaQg=="],

    "@scure/bip39": ["@scure/bip39@2.2.0", "", { "dependencies": { "@noble/hashes": "2.2.0", "@scure/base": "2.2.0" } }, "sha512-T/Bj/YvYMNkIPq6EENO6/rcs2e7qTNuyoUXf0KBFDmp0ZDu0H2X4Lq6yC3i0c8PcWkov5EbW+yQZZbdMmk154A=="],

    "@solana-program/system": ["@solana-program/system@0.10.0", "", { "peerDependencies": { "@solana/kit": "^5.0" } }, "sha512-Go+LOEZmqmNlfr+Gjy5ZWAdY5HbYzk2RBewD9QinEU/bBSzpFfzqDRT55JjFRBGJUvMgf3C2vfXEGT4i8DSI4g=="],

    "@solana-program/token": ["@solana-program/token@0.9.0", "", { "peerDependencies": { "@solana/kit": "^5.0" } }, "sha512-vnZxndd4ED4Fc56sw93cWZ2djEeeOFxtaPS8SPf5+a+JZjKA/EnKqzbE1y04FuMhIVrLERQ8uR8H2h72eZzlsA=="],

    "@solana/accounts": ["@solana/accounts@5.5.1", "", { "dependencies": { "@solana/addresses": "5.5.1", "@solana/codecs-core": "5.5.1", "@solana/codecs-strings": "5.5.1", "@solana/errors": "5.5.1", "@solana/rpc-spec": "5.5.1", "@solana/rpc-types": "5.5.1" }, "peerDependencies": { "typescript": "^5.0.0" }, "optionalPeers": ["typescript"] }, "sha512-TfOY9xixg5rizABuLVuZ9XI2x2tmWUC/OoN556xwfDlhBHBjKfszicYYOyD6nbFmwTGYarCmyGIdteXxTXIdhQ=="],

    "@solana/addresses": ["@solana/addresses@5.5.1", "", { "dependencies": { "@solana/assertions": "5.5.1", "@solana/codecs-core": "5.5.1", "@solana/codecs-strings": "5.5.1", "@solana/errors": "5.5.1", "@solana/nominal-types": "5.5.1" }, "peerDependencies": { "typescript": "^5.0.0" }, "optionalPeers": ["typescript"] }, "sha512-5xoah3Q9G30HQghu/9BiHLb5pzlPKRC3zydQDmE3O9H//WfayxTFppsUDCL6FjYUHqj/wzK6CWHySglc2RkpdA=="],

    "@solana/assertions": ["@solana/assertions@5.5.1", "", { "dependencies": { "@solana/errors": "5.5.1" }, "peerDependencies": { "typescript": "^5.0.0" }, "optionalPeers": ["typescript"] }, "sha512-YTCSWAlGwSlVPnWtWLm3ukz81wH4j2YaCveK+TjpvUU88hTy6fmUqxi0+hvAMAe4zKXpJyj3Az7BrLJRxbIm4Q=="],

    "@solana/codecs": ["@solana/codecs@5.5.1", "", { "dependencies": { "@solana/codecs-core": "5.5.1", "@solana/codecs-data-structures": "5.5.1", "@solana/codecs-numbers": "5.5.1", "@solana/codecs-strings": "5.5.1", "@solana/options": "5.5.1" }, "peerDependencies": { "typescript": "^5.0.0" }, "optionalPeers": ["typescript"] }, "sha512-Vea29nJub/bXjfzEV7ZZQ/PWr1pYLZo3z0qW0LQL37uKKVzVFRQlwetd7INk3YtTD3xm9WUYr7bCvYUk3uKy2g=="],

    "@solana/codecs-core": ["@solana/codecs-core@5.5.1", "", { "dependencies": { "@solana/errors": "5.5.1" }, "peerDependencies": { "typescript": "^5.0.0" }, "optionalPeers": ["typescript"] }, "sha512-TgBt//bbKBct0t6/MpA8ElaOA3sa8eYVvR7LGslCZ84WiAwwjCY0lW/lOYsFHJQzwREMdUyuEyy5YWBKtdh8Rw=="],

    "@solana/codecs-data-structures": ["@solana/codecs-data-structures@5.5.1", "", { "dependencies": { "@solana/codecs-core": "5.5.1", "@solana/codecs-numbers": "5.5.1", "@solana/errors": "5.5.1" }, "peerDependencies": { "typescript": "^5.0.0" }, "optionalPeers": ["typescript"] }, "sha512-97bJWGyUY9WvBz3mX1UV3YPWGDTez6btCfD0ip3UVEXJbItVuUiOkzcO5iFDUtQT5riKT6xC+Mzl+0nO76gd0w=="],

    "@solana/codecs-numbers": ["@solana/codecs-numbers@5.5.1", "", { "dependencies": { "@solana/codecs-core": "5.5.1", "@solana/errors": "5.5.1" }, "peerDependencies": { "typescript": "^5.0.0" }, "optionalPeers": ["typescript"] }, "sha512-rllMIZAHqmtvC0HO/dc/21wDuWaD0B8Ryv8o+YtsICQBuiL/0U4AGwH7Pi5GNFySYk0/crSuwfIqQFtmxNSPFw=="],

    "@solana/codecs-strings": ["@solana/codecs-strings@5.5.1", "", { "dependencies": { "@solana/codecs-core": "5.5.1", "@solana/codecs-numbers": "5.5.1", "@solana/errors": "5.5.1" }, "peerDependencies": { "fastestsmallesttextencoderdecoder": "^1.0.22", "typescript": "^5.0.0" }, "optionalPeers": ["fastestsmallesttextencoderdecoder", "typescript"] }, "sha512-7klX4AhfHYA+uKKC/nxRGP2MntbYQCR3N6+v7bk1W/rSxYuhNmt+FN8aoThSZtWIKwN6BEyR1167ka8Co1+E7A=="],

    "@solana/errors": ["@solana/errors@5.5.1", "", { "dependencies": { "chalk": "5.6.2", "commander": "14.0.2" }, "peerDependencies": { "typescript": "^5.0.0" }, "optionalPeers": ["typescript"], "bin": { "errors": "bin/cli.mjs" } }, "sha512-vFO3p+S7HoyyrcAectnXbdsMfwUzY2zYFUc2DEe5BwpiE9J1IAxPBGjOWO6hL1bbYdBrlmjNx8DXCslqS+Kcmg=="],

    "@solana/fast-stable-stringify": ["@solana/fast-stable-stringify@5.5.1", "", { "peerDependencies": { "typescript": "^5.0.0" }, "optionalPeers": ["typescript"] }, "sha512-Ni7s2FN33zTzhTFgRjEbOVFO+UAmK8qi3Iu0/GRFYK4jN696OjKHnboSQH/EacQ+yGqS54bfxf409wU5dsLLCw=="],

    "@solana/functional": ["@solana/functional@5.5.1", "", { "peerDependencies": { "typescript": "^5.0.0" }, "optionalPeers": ["typescript"] }, "sha512-tTHoJcEQq3gQx5qsdsDJ0LEJeFzwNpXD80xApW9o/PPoCNimI3SALkZl+zNW8VnxRrV3l3yYvfHWBKe/X3WG3w=="],

    "@solana/instruction-plans": ["@solana/instruction-plans@5.5.1", "", { "dependencies": { "@solana/errors": "5.5.1", "@solana/instructions": "5.5.1", "@solana/keys": "5.5.1", "@solana/promises": "5.5.1", "@solana/transaction-messages": "5.5.1", "@solana/transactions": "5.5.1" }, "peerDependencies": { "typescript": "^5.0.0" }, "optionalPeers": ["typescript"] }, "sha512-7z3CB7YMcFKuVvgcnNY8bY6IsZ8LG61Iytbz7HpNVGX2u1RthOs1tRW8luTzSG1MPL0Ox7afyAVMYeFqSPHnaQ=="],

    "@solana/instructions": ["@solana/instructions@5.5.1", "", { "dependencies": { "@solana/codecs-core": "5.5.1", "@solana/errors": "5.5.1" }, "peerDependencies": { "typescript": "^5.0.0" }, "optionalPeers": ["typescript"] }, "sha512-h0G1CG6S+gUUSt0eo6rOtsaXRBwCq1+Js2a+Ps9Bzk9q7YHNFA75/X0NWugWLgC92waRp66hrjMTiYYnLBoWOQ=="],

    "@solana/keys": ["@solana/keys@5.5.1", "", { "dependencies": { "@solana/assertions": "5.5.1", "@solana/codecs-core": "5.5.1", "@solana/codecs-strings": "5.5.1", "@solana/errors": "5.5.1", "@solana/nominal-types": "5.5.1" }, "peerDependencies": { "typescript": "^5.0.0" }, "optionalPeers": ["typescript"] }, "sha512-KRD61cL7CRL+b4r/eB9dEoVxIf/2EJ1Pm1DmRYhtSUAJD2dJ5Xw8QFuehobOGm9URqQ7gaQl+Fkc1qvDlsWqKg=="],

    "@solana/kit": ["@solana/kit@5.5.1", "", { "dependencies": { "@solana/accounts": "5.5.1", "@solana/addresses": "5.5.1", "@solana/codecs": "5.5.1", "@solana/errors": "5.5.1", "@solana/functional": "5.5.1", "@solana/instruction-plans": "5.5.1", "@solana/instructions": "5.5.1", "@solana/keys": "5.5.1", "@solana/offchain-messages": "5.5.1", "@solana/plugin-core": "5.5.1", "@solana/programs": "5.5.1", "@solana/rpc": "5.5.1", "@solana/rpc-api": "5.5.1", "@solana/rpc-parsed-types": "5.5.1", "@solana/rpc-spec-types": "5.5.1", "@solana/rpc-subscriptions": "5.5.1", "@solana/rpc-types": "5.5.1", "@solana/signers": "5.5.1", "@solana/sysvars": "5.5.1", "@solana/transaction-confirmation": "5.5.1", "@solana/transaction-messages": "5.5.1", "@solana/transactions": "5.5.1" }, "peerDependencies": { "typescript": "^5.0.0" }, "optionalPeers": ["typescript"] }, "sha512-irKUGiV2yRoyf+4eGQ/ZeCRxa43yjFEL1DUI5B0DkcfZw3cr0VJtVJnrG8OtVF01vT0OUfYOcUn6zJW5TROHvQ=="],

    "@solana/nominal-types": ["@solana/nominal-types@5.5.1", "", { "peerDependencies": { "typescript": "^5.0.0" }, "optionalPeers": ["typescript"] }, "sha512-I1ImR+kfrLFxN5z22UDiTWLdRZeKtU0J/pkWkO8qm/8WxveiwdIv4hooi8pb6JnlR4mSrWhq0pCIOxDYrL9GIQ=="],

    "@solana/offchain-messages": ["@solana/offchain-messages@5.5.1", "", { "dependencies": { "@solana/addresses": "5.5.1", "@solana/codecs-core": "5.5.1", "@solana/codecs-data-structures": "5.5.1", "@solana/codecs-numbers": "5.5.1", "@solana/codecs-strings": "5.5.1", "@solana/errors": "5.5.1", "@solana/keys": "5.5.1", "@solana/nominal-types": "5.5.1" }, "peerDependencies": { "typescript": "^5.0.0" }, "optionalPeers": ["typescript"] }, "sha512-g+xHH95prTU+KujtbOzj8wn+C7ZNoiLhf3hj6nYq3MTyxOXtBEysguc97jJveUZG0K97aIKG6xVUlMutg5yxhw=="],

    "@solana/options": ["@solana/options@5.5.1", "", { "dependencies": { "@solana/codecs-core": "5.5.1", "@solana/codecs-data-structures": "5.5.1", "@solana/codecs-numbers": "5.5.1", "@solana/codecs-strings": "5.5.1", "@solana/errors": "5.5.1" }, "peerDependencies": { "typescript": "^5.0.0" }, "optionalPeers": ["typescript"] }, "sha512-eo971c9iLNLmk+yOFyo7yKIJzJ/zou6uKpy6mBuyb/thKtS/haiKIc3VLhyTXty3OH2PW8yOlORJnv4DexJB8A=="],

    "@solana/plugin-core": ["@solana/plugin-core@5.5.1", "", { "peerDependencies": { "typescript": "^5.0.0" }, "optionalPeers": ["typescript"] }, "sha512-VUZl30lDQFJeiSyNfzU1EjYt2QZvoBFKEwjn1lilUJw7KgqD5z7mbV7diJhT+dLFs36i0OsjXvq5kSygn8YJ3A=="],

    "@solana/programs": ["@solana/programs@5.5.1", "", { "dependencies": { "@solana/addresses": "5.5.1", "@solana/errors": "5.5.1" }, "peerDependencies": { "typescript": "^5.0.0" }, "optionalPeers": ["typescript"] }, "sha512-7U9kn0Jsx1NuBLn5HRTFYh78MV4XN145Yc3WP/q5BlqAVNlMoU9coG5IUTJIG847TUqC1lRto3Dnpwm6T4YRpA=="],

    "@solana/promises": ["@solana/promises@5.5.1", "", { "peerDependencies": { "typescript": "^5.0.0" }, "optionalPeers": ["typescript"] }, "sha512-T9lfuUYkGykJmppEcssNiCf6yiYQxJkhiLPP+pyAc2z84/7r3UVIb2tNJk4A9sucS66pzJnVHZKcZVGUUp6wzA=="],

    "@solana/rpc": ["@solana/rpc@5.5.1", "", { "dependencies": { "@solana/errors": "5.5.1", "@solana/fast-stable-stringify": "5.5.1", "@solana/functional": "5.5.1", "@solana/rpc-api": "5.5.1", "@solana/rpc-spec": "5.5.1", "@solana/rpc-spec-types": "5.5.1", "@solana/rpc-transformers": "5.5.1", "@solana/rpc-transport-http": "5.5.1", "@solana/rpc-types": "5.5.1" }, "peerDependencies": { "typescript": "^5.0.0" }, "optionalPeers": ["typescript"] }, "sha512-ku8zTUMrkCWci66PRIBC+1mXepEnZH/q1f3ck0kJZ95a06bOTl5KU7HeXWtskkyefzARJ5zvCs54AD5nxjQJ+A=="],

    "@solana/rpc-api": ["@solana/rpc-api@5.5.1", "", { "dependencies": { "@solana/addresses": "5.5.1", "@solana/codecs-core": "5.5.1", "@solana/codecs-strings": "5.5.1", "@solana/errors": "5.5.1", "@solana/keys": "5.5.1", "@solana/rpc-parsed-types": "5.5.1", "@solana/rpc-spec": "5.5.1", "@solana/rpc-transformers": "5.5.1", "@solana/rpc-types": "5.5.1", "@solana/transaction-messages": "5.5.1", "@solana/transactions": "5.5.1" }, "peerDependencies": { "typescript": "^5.0.0" }, "optionalPeers": ["typescript"] }, "sha512-XWOQQPhKl06Vj0xi3RYHAc6oEQd8B82okYJ04K7N0Vvy3J4PN2cxeK7klwkjgavdcN9EVkYCChm2ADAtnztKnA=="],

    "@solana/rpc-parsed-types": ["@solana/rpc-parsed-types@5.5.1", "", { "peerDependencies": { "typescript": "^5.0.0" }, "optionalPeers": ["typescript"] }, "sha512-HEi3G2nZqGEsa3vX6U0FrXLaqnUCg4SKIUrOe8CezD+cSFbRTOn3rCLrUmJrhVyXlHoQVaRO9mmeovk31jWxJg=="],

    "@solana/rpc-spec": ["@solana/rpc-spec@5.5.1", "", { "dependencies": { "@solana/errors": "5.5.1", "@solana/rpc-spec-types": "5.5.1" }, "peerDependencies": { "typescript": "^5.0.0" }, "optionalPeers": ["typescript"] }, "sha512-m3LX2bChm3E3by4mQrH4YwCAFY57QBzuUSWqlUw7ChuZ+oLLOq7b2czi4i6L4Vna67j3eCmB3e+4tqy1j5wy7Q=="],

    "@solana/rpc-spec-types": ["@solana/rpc-spec-types@5.5.1", "", { "peerDependencies": { "typescript": "^5.0.0" }, "optionalPeers": ["typescript"] }, "sha512-6OFKtRpIEJQs8Jb2C4OO8KyP2h2Hy1MFhatMAoXA+0Ik8S3H+CicIuMZvGZ91mIu/tXicuOOsNNLu3HAkrakrw=="],

    "@solana/rpc-subscriptions": ["@solana/rpc-subscriptions@5.5.1", "", { "dependencies": { "@solana/errors": "5.5.1", "@solana/fast-stable-stringify": "5.5.1", "@solana/functional": "5.5.1", "@solana/promises": "5.5.1", "@solana/rpc-spec-types": "5.5.1", "@solana/rpc-subscriptions-api": "5.5.1", "@solana/rpc-subscriptions-channel-websocket": "5.5.1", "@solana/rpc-subscriptions-spec": "5.5.1", "@solana/rpc-transformers": "5.5.1", "@solana/rpc-types": "5.5.1", "@solana/subscribable": "5.5.1" }, "peerDependencies": { "typescript": "^5.0.0" }, "optionalPeers": ["typescript"] }, "sha512-CTMy5bt/6mDh4tc6vUJms9EcuZj3xvK0/xq8IQ90rhkpYvate91RjBP+egvjgSayUg9yucU9vNuUpEjz4spM7w=="],

    "@solana/rpc-subscriptions-api": ["@solana/rpc-subscriptions-api@5.5.1", "", { "dependencies": { "@solana/addresses": "5.5.1", "@solana/keys": "5.5.1", "@solana/rpc-subscriptions-spec": "5.5.1", "@solana/rpc-transformers": "5.5.1", "@solana/rpc-types": "5.5.1", "@solana/transaction-messages": "5.5.1", "@solana/transactions": "5.5.1" }, "peerDependencies": { "typescript": "^5.0.0" }, "optionalPeers": ["typescript"] }, "sha512-5Oi7k+GdeS8xR2ly1iuSFkAv6CZqwG0Z6b1QZKbEgxadE1XGSDrhM2cn59l+bqCozUWCqh4c/A2znU/qQjROlw=="],

    "@solana/rpc-subscriptions-channel-websocket": ["@solana/rpc-subscriptions-channel-websocket@5.5.1", "", { "dependencies": { "@solana/errors": "5.5.1", "@solana/functional": "5.5.1", "@solana/rpc-subscriptions-spec": "5.5.1", "@solana/subscribable": "5.5.1", "ws": "^8.19.0" }, "peerDependencies": { "typescript": "^5.0.0" }, "optionalPeers": ["typescript"] }, "sha512-7tGfBBrYY8TrngOyxSHoCU5shy86iA9SRMRrPSyBhEaZRAk6dnbdpmUTez7gtdVo0BCvh9nzQtUycKWSS7PnFQ=="],

    "@solana/rpc-subscriptions-spec": ["@solana/rpc-subscriptions-spec@5.5.1", "", { "dependencies": { "@solana/errors": "5.5.1", "@solana/promises": "5.5.1", "@solana/rpc-spec-types": "5.5.1", "@solana/subscribable": "5.5.1" }, "peerDependencies": { "typescript": "^5.0.0" }, "optionalPeers": ["typescript"] }, "sha512-iq+rGq5fMKP3/mKHPNB6MC8IbVW41KGZg83Us/+LE3AWOTWV1WT20KT2iH1F1ik9roi42COv/TpoZZvhKj45XQ=="],

    "@solana/rpc-transformers": ["@solana/rpc-transformers@5.5.1", "", { "dependencies": { "@solana/errors": "5.5.1", "@solana/functional": "5.5.1", "@solana/nominal-types": "5.5.1", "@solana/rpc-spec-types": "5.5.1", "@solana/rpc-types": "5.5.1" }, "peerDependencies": { "typescript": "^5.0.0" }, "optionalPeers": ["typescript"] }, "sha512-OsWqLCQdcrRJKvHiMmwFhp9noNZ4FARuMkHT5us3ustDLXaxOjF0gfqZLnMkulSLcKt7TGXqMhBV+HCo7z5M8Q=="],

    "@solana/rpc-transport-http": ["@solana/rpc-transport-http@5.5.1", "", { "dependencies": { "@solana/errors": "5.5.1", "@solana/rpc-spec": "5.5.1", "@solana/rpc-spec-types": "5.5.1", "undici-types": "^7.19.2" }, "peerDependencies": { "typescript": "^5.0.0" }, "optionalPeers": ["typescript"] }, "sha512-yv8GoVSHqEV0kUJEIhkdOVkR2SvJ6yoWC51cJn2rSV7plr6huLGe0JgujCmB7uZhhaLbcbP3zxXxu9sOjsi7Fg=="],

    "@solana/rpc-types": ["@solana/rpc-types@5.5.1", "", { "dependencies": { "@solana/addresses": "5.5.1", "@solana/codecs-core": "5.5.1", "@solana/codecs-numbers": "5.5.1", "@solana/codecs-strings": "5.5.1", "@solana/errors": "5.5.1", "@solana/nominal-types": "5.5.1" }, "peerDependencies": { "typescript": "^5.0.0" }, "optionalPeers": ["typescript"] }, "sha512-bibTFQ7PbHJJjGJPmfYC2I+/5CRFS4O2p9WwbFraX1Keeel+nRrt/NBXIy8veP5AEn2sVJIyJPpWBRpCx1oATA=="],

    "@solana/signers": ["@solana/signers@5.5.1", "", { "dependencies": { "@solana/addresses": "5.5.1", "@solana/codecs-core": "5.5.1", "@solana/errors": "5.5.1", "@solana/instructions": "5.5.1", "@solana/keys": "5.5.1", "@solana/nominal-types": "5.5.1", "@solana/offchain-messages": "5.5.1", "@solana/transaction-messages": "5.5.1", "@solana/transactions": "5.5.1" }, "peerDependencies": { "typescript": "^5.0.0" }, "optionalPeers": ["typescript"] }, "sha512-FY0IVaBT2kCAze55vEieR6hag4coqcuJ31Aw3hqRH7mv6sV8oqwuJmUrx+uFwOp1gwd5OEAzlv6N4hOOple4sQ=="],

    "@solana/subscribable": ["@solana/subscribable@5.5.1", "", { "dependencies": { "@solana/errors": "5.5.1" }, "peerDependencies": { "typescript": "^5.0.0" }, "optionalPeers": ["typescript"] }, "sha512-9K0PsynFq0CsmK1CDi5Y2vUIJpCqkgSS5yfDN0eKPgHqEptLEaia09Kaxc90cSZDZU5mKY/zv1NBmB6Aro9zQQ=="],

    "@solana/sysvars": ["@solana/sysvars@5.5.1", "", { "dependencies": { "@solana/accounts": "5.5.1", "@solana/codecs": "5.5.1", "@solana/errors": "5.5.1", "@solana/rpc-types": "5.5.1" }, "peerDependencies": { "typescript": "^5.0.0" }, "optionalPeers": ["typescript"] }, "sha512-k3Quq87Mm+geGUu1GWv6knPk0ALsfY6EKSJGw9xUJDHzY/RkYSBnh0RiOrUhtFm2TDNjOailg8/m0VHmi3reFA=="],

    "@solana/transaction-confirmation": ["@solana/transaction-confirmation@5.5.1", "", { "dependencies": { "@solana/addresses": "5.5.1", "@solana/codecs-strings": "5.5.1", "@solana/errors": "5.5.1", "@solana/keys": "5.5.1", "@solana/promises": "5.5.1", "@solana/rpc": "5.5.1", "@solana/rpc-subscriptions": "5.5.1", "@solana/rpc-types": "5.5.1", "@solana/transaction-messages": "5.5.1", "@solana/transactions": "5.5.1" }, "peerDependencies": { "typescript": "^5.0.0" }, "optionalPeers": ["typescript"] }, "sha512-j4mKlYPHEyu+OD7MBt3jRoX4ScFgkhZC6H65on4Fux6LMScgivPJlwnKoZMnsgxFgWds0pl+BYzSiALDsXlYtw=="],

    "@solana/transaction-messages": ["@solana/transaction-messages@5.5.1", "", { "dependencies": { "@solana/addresses": "5.5.1", "@solana/codecs-core": "5.5.1", "@solana/codecs-data-structures": "5.5.1", "@solana/codecs-numbers": "5.5.1", "@solana/errors": "5.5.1", "@solana/functional": "5.5.1", "@solana/instructions": "5.5.1", "@solana/nominal-types": "5.5.1", "@solana/rpc-types": "5.5.1" }, "peerDependencies": { "typescript": "^5.0.0" }, "optionalPeers": ["typescript"] }, "sha512-aXyhMCEaAp3M/4fP0akwBBQkFPr4pfwoC5CLDq999r/FUwDax2RE/h4Ic7h2Xk+JdcUwsb+rLq85Y52hq84XvQ=="],

    "@solana/transactions": ["@solana/transactions@5.5.1", "", { "dependencies": { "@solana/addresses": "5.5.1", "@solana/codecs-core": "5.5.1", "@solana/codecs-data-structures": "5.5.1", "@solana/codecs-numbers": "5.5.1", "@solana/codecs-strings": "5.5.1", "@solana/errors": "5.5.1", "@solana/functional": "5.5.1", "@solana/instructions": "5.5.1", "@solana/keys": "5.5.1", "@solana/nominal-types": "5.5.1", "@solana/rpc-types": "5.5.1", "@solana/transaction-messages": "5.5.1" }, "peerDependencies": { "typescript": "^5.0.0" }, "optionalPeers": ["typescript"] }, "sha512-8hHtDxtqalZ157pnx6p8k10D7J/KY/biLzfgh9R09VNLLY3Fqi7kJvJCr7M2ik3oRll56pxhraAGCC9yIT6eOA=="],

    "@suchipi/femver": ["@suchipi/femver@1.0.0", "", {}, "sha512-bprE8+K5V+DPX7q2e2K57ImqNBdfGHDIWaGI5xHxZoxbKOuQZn4wzPiUxOAHnsUr3w3xHrWXwN7gnG/iIuEMIg=="],

    "@zodios/core": ["@zodios/core@10.9.6", "", { "peerDependencies": { "axios": "^0.x || ^1.0.0", "zod": "^3.x" } }, "sha512-aH4rOdb3AcezN7ws8vDgBfGboZMk2JGGzEq/DtW65MhnRxyTGRuLJRWVQ/2KxDgWvV2F5oTkAS+5pnjKbl0n+A=="],

    "abitype": ["abitype@1.0.6", "", { "peerDependencies": { "typescript": ">=5.0.4", "zod": "^3 >=3.22.0" }, "optionalPeers": ["typescript", "zod"] }, "sha512-MMSqYh4+C/aVqI2RQaWqbvI4Kxo5cQV40WQ4QFtDnNzCkqChm8MuENhElmynZlO0qUy/ObkEUaXtKqYnx1Kp3A=="],

    "asynckit": ["asynckit@0.4.0", "", {}, "sha512-Oei9OH4tRh0YqU3GxhX79dM/mwVgvbZJaSNaRk+bshkj0S5cfHcgYakreBjrHwatXKbz+IoIdYLxrKim2MjW0Q=="],

    "axios": ["axios@1.16.0", "", { "dependencies": { "follow-redirects": "^1.16.0", "form-data": "^4.0.5", "proxy-from-env": "^2.1.0" } }, "sha512-6hp5CwvTPlN2A31g5dxnwAX0orzM7pmCRDLnZSX772mv8WDqICwFjowHuPs04Mc8deIld1+ejhtaMn5vp6b+1w=="],

    "axios-retry": ["axios-retry@4.5.0", "", { "dependencies": { "is-retry-allowed": "^2.2.0" }, "peerDependencies": { "axios": "0.x || 1.x" } }, "sha512-aR99oXhpEDGo0UuAlYcn2iGRds30k366Zfa05XWScR9QaQD4JYiP3/1Qt1u7YlefUOK+cn0CcwoL1oefavQUlQ=="],

    "base-x": ["base-x@5.0.1", "", {}, "sha512-M7uio8Zt++eg3jPj+rHMfCC+IuygQHHCOU+IYsVtik6FWjuYpVt/+MRKcgsAMHh8mMFAwnB+Bs+mTrFiXjMzKg=="],

    "bech32": ["bech32@2.0.0", "", {}, "sha512-LcknSilhIGatDAsY1ak2I8VtGaHNhgMSYVxFrGLXv+xLHytaKZKcaUJJUE7qmBr7h33o5YQwP55pMI0xmkpJwg=="],

    "bignumber.js": ["bignumber.js@9.3.1", "", {}, "sha512-Ko0uX15oIUS7wJ3Rb30Fs6SkVbLmPBAKdlm7q9+ak9bbIeFf0MwuBsQV6z7+X768/cHsfg+WlysDWJcmthjsjQ=="],

    "bip39": ["bip39@3.1.0", "", { "dependencies": { "@noble/hashes": "^1.2.0" } }, "sha512-c9kiwdk45Do5GL0vJMe7tS95VjCii65mYAH7DfWl3uW8AVzXKQVUm64i3hzVybBDMp9r7j9iNxR85+ul8MdN/A=="],

    "bs58": ["bs58@6.0.0", "", { "dependencies": { "base-x": "^5.0.0" } }, "sha512-PD0wEnEYg6ijszw/u8s+iI3H17cTymlrwkKhDhPZq+Sokl3AU4htyBFTjAeNAlCCmg0f53g6ih3jATyCKftTfw=="],

    "call-bind-apply-helpers": ["call-bind-apply-helpers@1.0.2", "", { "dependencies": { "es-errors": "^1.3.0", "function-bind": "^1.1.2" } }, "sha512-Sp1ablJ0ivDkSzjcaJdxEunN5/XvksFJ2sMBFfq6x0ryhQV/2b/KwFe21cMpmHtPOSij8K99/wSfoEuTObmuMQ=="],

    "chalk": ["chalk@5.6.2", "", {}, "sha512-7NzBL0rN6fMUW+f7A6Io4h40qQlG+xGmtMxfbnH/K7TAtt8JQWVQK+6g0UXKMeVJoyV5EkkNsErQ8pVD3bLHbA=="],

    "charenc": ["charenc@0.0.2", "", {}, "sha512-yrLQ/yVUFXkzg7EDQsPieE/53+0RlaWTs+wBrvW36cyilJ2SaDWfl4Yj7MtLTXleV9uEKefbAGUPv2/iWSooRA=="],

    "combined-stream": ["combined-stream@1.0.8", "", { "dependencies": { "delayed-stream": "~1.0.0" } }, "sha512-FQN4MRfuJeHf7cBbBMJFXhKSDq+2kAArBlmRBvcvFE5BB1HZKXtSFASDhdlz9zOYwxh8lDdnvmMOe/+5cdoEdg=="],

    "commander": ["commander@14.0.2", "", {}, "sha512-TywoWNNRbhoD0BXs1P3ZEScW8W5iKrnbithIl0YH+uCmBd0QpPOA8yc82DS3BIE5Ma6FnBVUsJ7wVUDz4dvOWQ=="],

    "crypt": ["crypt@0.0.2", "", {}, "sha512-mCxBlsHFYh9C+HVpiEacem8FEBnMXgU9gy4zmNC+SXAZNB/1idgp/aulFJ4FgCi7GPEVbfyng092GqL2k2rmow=="],

    "data-uri-to-buffer": ["data-uri-to-buffer@4.0.1", "", {}, "sha512-0R9ikRb668HB7QDxT1vkpuUBtqc53YyAwMwGeUFKRojY/NWKvdZ+9UYtRfGmhqNbRkTSVpMbmyhXipFFv2cb/A=="],

    "delayed-stream": ["delayed-stream@1.0.0", "", {}, "sha512-ZySD7Nf91aLB0RxL4KGrKHBXl7Eds1DAmEdcoVawXnLD7SDhpNgtuII2aAkg7a7QS41jxPSZ17p4VdGnMHk3MQ=="],

    "dotenv": ["dotenv@16.6.1", "", {}, "sha512-uBq4egWHTcTt33a72vpSG0z3HnPuIl6NqYcTrKEg2azoEyl2hpW0zqlxysq2pK9HlDIHyHyakeYaYnSAwd8bow=="],

    "dunder-proto": ["dunder-proto@1.0.1", "", { "dependencies": { "call-bind-apply-helpers": "^1.0.1", "es-errors": "^1.3.0", "gopd": "^1.2.0" } }, "sha512-KIN/nDJBQRcXw0MLVhZE9iQHmG68qAVIBg9CqmUYjmQIhgij9U5MFvrqkUL5FbtyyzZuOeOt0zdeRe4UY7ct+A=="],

    "es-define-property": ["es-define-property@1.0.1", "", {}, "sha512-e3nRfgfUZ4rNGL232gUgX06QNyyez04KdjFrF+LTRoOXmrOgFKDg4BCdsjW8EnT69eqdYGmRpJwiPVYNrCaW3g=="],

    "es-errors": ["es-errors@1.3.0", "", {}, "sha512-Zf5H2Kxt2xjTvbJvP2ZWLEICxA6j+hAmMzIlypy4xcBg1vKVnx89Wy0GbS+kf5cwCVFFzdCFh2XSCFNULS6csw=="],

    "es-object-atoms": ["es-object-atoms@1.1.1", "", { "dependencies": { "es-errors": "^1.3.0" } }, "sha512-FGgH2h8zKNim9ljj7dankFPcICIK9Cp5bm+c2gQSYePhpaG5+esrLODihIorn+Pe6FGJzWhXQotPv73jTaldXA=="],

    "es-set-tostringtag": ["es-set-tostringtag@2.1.0", "", { "dependencies": { "es-errors": "^1.3.0", "get-intrinsic": "^1.2.6", "has-tostringtag": "^1.0.2", "hasown": "^2.0.2" } }, "sha512-j6vWzfrGVfyXxge+O0x5sh6cvxAog0a/4Rdd2K36zCMV5eJ+/+tOAngRO8cODMNWbVRdVlmGZQL2YS3yR8bIUA=="],

    "eventemitter3": ["eventemitter3@5.0.1", "", {}, "sha512-GWkBvjiSZK87ELrYOSESUYeVIc9mvLLf/nXalMOS5dYrgZq9o5OVkbZAVM06CVxYsCwH9BDZFPlQTlPA1j4ahA=="],

    "eventsource": ["eventsource@3.0.7", "", { "dependencies": { "eventsource-parser": "^3.0.1" } }, "sha512-CRT1WTyuQoD771GW56XEZFQ/ZoSfWid1alKGDYMmkt2yl8UXrVR4pspqWNEcqKvVIzg6PAltWjxcSSPrboA4iA=="],

    "eventsource-parser": ["eventsource-parser@3.0.8", "", {}, "sha512-70QWGkr4snxr0OXLRWsFLeRBIRPuQOvt4s8QYjmUlmlkyTZkRqS7EDVRZtzU3TiyDbXSzaOeF0XUKy8PchzukQ=="],

    "fetch-blob": ["fetch-blob@3.2.0", "", { "dependencies": { "node-domexception": "^1.0.0", "web-streams-polyfill": "^3.0.3" } }, "sha512-7yAQpD2UMJzLi1Dqv7qFYnPbaPx7ZfFK6PiIxQ4PfkGPyNyl2Ugx+a/umUonmKqjhM4DnfbMvdX6otXq83soQQ=="],

    "follow-redirects": ["follow-redirects@1.16.0", "", {}, "sha512-y5rN/uOsadFT/JfYwhxRS5R7Qce+g3zG97+JrtFZlC9klX/W5hD7iiLzScI4nZqUS7DNUdhPgw4xI8W2LuXlUw=="],

    "form-data": ["form-data@4.0.5", "", { "dependencies": { "asynckit": "^0.4.0", "combined-stream": "^1.0.8", "es-set-tostringtag": "^2.1.0", "hasown": "^2.0.2", "mime-types": "^2.1.12" } }, "sha512-8RipRLol37bNs2bhoV67fiTEvdTrbMUYcFTiy3+wuuOnUog2QBHCZWXDRijWQfAkhBj2Uf5UnVaiWwA5vdd82w=="],

    "formdata-polyfill": ["formdata-polyfill@4.0.10", "", { "dependencies": { "fetch-blob": "^3.1.2" } }, "sha512-buewHzMvYL29jdeQTVILecSaZKnt/RJWjoZCF5OW60Z67/GmSLBkOFM7qh1PI3zFNtJbaZL5eQu1vLfazOwj4g=="],

    "function-bind": ["function-bind@1.1.2", "", {}, "sha512-7XHNxH7qX9xG5mIwxkhumTox/MIRNcOgDrxWsMt2pAr23WHp6MrRlN7FBSFpCpr+oVO0F744iUgR82nJMfG2SA=="],

    "get-intrinsic": ["get-intrinsic@1.3.0", "", { "dependencies": { "call-bind-apply-helpers": "^1.0.2", "es-define-property": "^1.0.1", "es-errors": "^1.3.0", "es-object-atoms": "^1.1.1", "function-bind": "^1.1.2", "get-proto": "^1.0.1", "gopd": "^1.2.0", "has-symbols": "^1.1.0", "hasown": "^2.0.2", "math-intrinsics": "^1.1.0" } }, "sha512-9fSjSaos/fRIVIp+xSJlE6lfwhES7LNtKaCBIamHsjr2na1BiABJPo0mOjjz8GJDURarmCPGqaiVg5mfjb98CQ=="],

    "get-proto": ["get-proto@1.0.1", "", { "dependencies": { "dunder-proto": "^1.0.1", "es-object-atoms": "^1.0.0" } }, "sha512-sTSfBjoXBp89JvIKIefqw7U2CCebsc74kiY6awiGogKtoSGbgjYE/G/+l9sF3MWFPNc9IcoOC4ODfKHfxFmp0g=="],

    "gopd": ["gopd@1.2.0", "", {}, "sha512-ZUKRh6/kUFoAiTAtTYPZJ3hw9wNxx+BIBOijnlG9PnrJsCcSjs1wyyD6vJpaYtgnzDrKYRSqf3OO6Rfa93xsRg=="],

    "gql.tada": ["gql.tada@1.9.2", "", { "dependencies": { "@0no-co/graphql.web": "^1.0.5", "@0no-co/graphqlsp": "^1.12.13", "@gql.tada/cli-utils": "1.7.3", "@gql.tada/internal": "1.0.9" }, "peerDependencies": { "typescript": "^5.0.0 || ^6.0.0" }, "bin": { "gql.tada": "bin/cli.js", "gql-tada": "bin/cli.js" } }, "sha512-QxRHVpxtrOVdYXz6oavq0lBM+Zdp0swapLGJcD4SLpXDcsD337BHDFrzqqjfkbepv0sSAiO0LGabu1kI5D5Gyg=="],

    "graphql": ["graphql@16.14.0", "", {}, "sha512-BBvQ/406p+4CZbTpCbVPSxfzrZrbnuWSP1ELYgyS6B+hNeKzgrdB4JczCa5VZUBQrDa9hUngm0KnexY6pJRN5Q=="],

    "has-symbols": ["has-symbols@1.1.0", "", {}, "sha512-1cDNdwJ2Jaohmb3sg4OmKaMBwuC48sYni5HUw2DvsC8LjGTLK9h+eb1X6RyuOHe4hT0ULCW68iomhjUoKUqlPQ=="],

    "has-tostringtag": ["has-tostringtag@1.0.2", "", { "dependencies": { "has-symbols": "^1.0.3" } }, "sha512-NqADB8VjPFLM2V0VvHUewwwsw0ZWBaIdgo+ieHtK3hasLz4qeCRjYcqfB6AQrBggRKppKF8L52/VqdVsO47Dlw=="],

    "hasown": ["hasown@2.0.3", "", { "dependencies": { "function-bind": "^1.1.2" } }, "sha512-ej4AhfhfL2Q2zpMmLo7U1Uv9+PyhIZpgQLGT1F9miIGmiCJIoCgSmczFdrc97mWT4kVY72KA+WnnhJ5pghSvSg=="],

    "is-buffer": ["is-buffer@1.1.6", "", {}, "sha512-NcdALwpXkTm5Zvvbk7owOUSvVvBKDgKP5/ewfXEznmQFfs4ZRmanOeKBTjRVjka3QFoN6XJ+9F3USqfHqTaU5w=="],

    "is-retry-allowed": ["is-retry-allowed@2.2.0", "", {}, "sha512-XVm7LOeLpTW4jV19QSH38vkswxoLud8sQ57YwJVTPWdiaI9I8keEhGFpBlslyVsgdQy4Opg8QOLb8YRgsyZiQg=="],

    "isows": ["isows@1.0.7", "", { "peerDependencies": { "ws": "*" } }, "sha512-I1fSfDCZL5P0v33sVqeTDSpcstAg/N+wF5HS033mogOVIp4B+oHC7oOCsA3axAbBSGTJ8QubbNmnIRN/h8U7hg=="],

    "jose": ["jose@6.2.8", "", {}, "sha512-Bsdjwm3Qsd/P0jR+BHDe3LytDfY7WBq2HmCCLIwuVRHMuEC9ae7/R474GIUdF1NgCyZjzVo/A9DOiOBtXq8ZoQ=="],

    "json-bigint": ["json-bigint@1.0.0", "", { "dependencies": { "bignumber.js": "^9.0.0" } }, "sha512-SiPv/8VpZuWbvLSMtTDU8hEfrZWg/mH/nV/b4o0CYbSxu1UIQPLdwKOCIyLQX+VIPO5vrLX3i8qtqFyhdPSUSQ=="],

    "math-intrinsics": ["math-intrinsics@1.1.0", "", {}, "sha512-/IXtbwEk5HTPyEwyKX6hGkYXxM9nbj64B+ilVJnC/R6B0pH5G4V3b0pVbL7DBj4tkhBAppbQUlf6F6Xl9LHu1g=="],

    "md5": ["md5@2.3.0", "", { "dependencies": { "charenc": "0.0.2", "crypt": "0.0.2", "is-buffer": "~1.1.6" } }, "sha512-T1GITYmFaKuO91vxyoQMFETst+O71VUPEU3ze5GNzDm0OWdP8v1ziTaAEPUr/3kLsY3Sftgz242A1SetQiDL7g=="],

    "mime-db": ["mime-db@1.52.0", "", {}, "sha512-sPU4uV7dYlvtWJxwwxHD0PuihVNiE7TyAbQ5SWxDCB9mUYvOgroQOwYQQOKPJ8CIbE+1ETVlOoK1UC2nU3gYvg=="],

    "mime-types": ["mime-types@2.1.35", "", { "dependencies": { "mime-db": "1.52.0" } }, "sha512-ZDY+bPm5zTTF+YpCrAU9nK0UgICYPT0QtT1NZWFv4s++TNkcgVaT0g6+4R2uI4MjQjzysHB1zxuWL50hzaeXiw=="],

    "node-domexception": ["node-domexception@1.0.0", "", {}, "sha512-/jKZoMpw0F8GRwl4/eLROPA3cfcXtLApP0QzLmUT/HuPCZWyB7IY9ZrMeKw2O/nFIqPQB3PVM9aYm0F312AXDQ=="],

    "node-fetch": ["node-fetch@3.3.2", "", { "dependencies": { "data-uri-to-buffer": "^4.0.0", "fetch-blob": "^3.1.4", "formdata-polyfill": "^4.0.10" } }, "sha512-dRB78srN/l6gqWulah9SrxeYnxeddIG30+GOqK/9OlLVyLg3HPnr6SqOWTWOXKRwC2eGYCkZ59NNuSgvSrpgOA=="],

    "ox": ["ox@0.14.33", "", { "dependencies": { "@adraffy/ens-normalize": "^1.11.0", "@noble/ciphers": "^1.3.0", "@noble/curves": "1.9.1", "@noble/hashes": "^1.8.0", "@scure/bip32": "^1.7.0", "@scure/bip39": "^1.6.0", "abitype": "^1.2.3", "eventemitter3": "5.0.1" }, "peerDependencies": { "typescript": ">=5.4.0" }, "optionalPeers": ["typescript"] }, "sha512-rooA/4o7bBof4Ge2VH/eovfNPb/AEEYyrNj03wggc55g5HZD8Pjs/OeWhttgjic3dDcqn0r29bDuvQEdTiUemQ=="],

    "poseidon-lite": ["poseidon-lite@0.2.1", "", {}, "sha512-xIr+G6HeYfOhCuswdqcFpSX47SPhm0EpisWJ6h7fHlWwaVIvH3dLnejpatrtw6Xc6HaLrpq05y7VRfvDmDGIog=="],

    "proxy-from-env": ["proxy-from-env@2.1.0", "", {}, "sha512-cJ+oHTW1VAEa8cJslgmUZrc+sjRKgAKl3Zyse6+PV38hZe/V6Z14TbCuXcan9F9ghlz4QrFr2c92TNF82UkYHA=="],

    "tweetnacl": ["tweetnacl@1.0.3", "", {}, "sha512-6rt+RN7aOi1nGMyC4Xa5DdYiukl2UWCbcJft7YhxReBGQD7OAM8Pbxw6YMo4r2diNEA8FEmu32YOn9rhaiE5yw=="],

    "typescript": ["typescript@6.0.3", "", { "bin": { "tsc": "bin/tsc", "tsserver": "bin/tsserver" } }, "sha512-y2TvuxSZPDyQakkFRPZHKFm+KKVqIisdg9/CZwm9ftvKXLP8NRWj38/ODjNbr43SsoXqNuAisEf1GdCxqWcdBw=="],

    "uncrypto": ["uncrypto@0.1.3", "", {}, "sha512-Ql87qFHB3s/De2ClA9e0gsnS6zXG27SkTiSJwjCc9MebbfapQfuPzumMIUMi38ezPZVNFcHI9sUIepeQfw8J8Q=="],

    "undici-types": ["undici-types@7.29.0", "", {}, "sha512-vamA8dGlzMwhpyYpQp9d8vka3o4D/yn5I7ez7Or+msDA4bZ8Uh+Zy91WvWf3I73gDAkFha9JcYRqm2li0Npfgg=="],

    "valibot": ["valibot@1.4.0", "", { "peerDependencies": { "typescript": ">=5" }, "optionalPeers": ["typescript"] }, "sha512-iC/x7fVcSyOwlm/VSt7RlHnzNGLGvR9GnxdifUeWoCJo0q4ZZvrVkIHC6faTlkxG47I2Y4UrFquPuVHCrOnrLg=="],

    "viem": ["viem@2.55.13", "", { "dependencies": { "@noble/curves": "1.9.1", "@noble/hashes": "1.8.0", "@scure/bip32": "1.7.0", "@scure/bip39": "1.6.0", "abitype": "1.2.3", "isows": "1.0.7", "ox": "0.14.33", "ws": "8.21.0" }, "peerDependencies": { "typescript": ">=5.0.4" }, "optionalPeers": ["typescript"] }, "sha512-Rt1NAsdtTdvJgqaCxsv2TuO55xv2d2dKEuRuzrg34xMGxvTSFOX0iIFvEfymPvh+fwN2tbgEU2JwN0YHOVM+Bg=="],

    "web-streams-polyfill": ["web-streams-polyfill@3.3.3", "", {}, "sha512-d2JWLCivmZYTSIoge9MsgFCZrt571BikcWGYkjC1khllbTeDlGqZ2D8vD8E/lJa8WGWbb7Plm8/XJYV7IJHZZw=="],

    "ws": ["ws@8.21.0", "", { "peerDependencies": { "bufferutil": "^4.0.1", "utf-8-validate": ">=5.0.2" }, "optionalPeers": ["bufferutil", "utf-8-validate"] }, "sha512-Vsp28b7DRcimFQvrqu2Wek3z1iYxDCWqHYB8Qsnk/S4RfaCQzPGPyBNuVjJV3cd6UiKtUtp6sNM77gWvzcCH+g=="],

    "zod": ["zod@3.25.76", "", {}, "sha512-gzUt/qt81nXsFGKIFcC3YnfEAx5NkunCfnDlvuBSSFS02bcXu4Lmea0AFIUwbLWxWPx3d9p8S5QoaujKcNQxcQ=="],

    "@mysten/zklogin/@mysten/sui": ["@mysten/sui@1.16.1", "", { "dependencies": { "@graphql-typed-document-node/core": "^3.2.0", "@mysten/bcs": "1.2.0", "@noble/curves": "^1.4.2", "@noble/hashes": "^1.4.0", "@scure/bip32": "^1.4.0", "@scure/bip39": "^1.3.0", "@suchipi/femver": "^1.0.0", "bech32": "^2.0.0", "gql.tada": "^1.8.2", "graphql": "^16.9.0", "jose": "^5.6.3", "poseidon-lite": "^0.2.0", "tweetnacl": "^1.0.3", "valibot": "^0.36.0" } }, "sha512-UopFv/D73EIiRpP42BbD3YFAyWCeAnCh1ZS+uuk2aSIS/4+89TWKvWgES23kBdzLSL9/6O9jAP9JRmsZTtvqLw=="],

    "bip39/@noble/hashes": ["@noble/hashes@1.8.0", "", {}, "sha512-jCs9ldd7NwzpgXDIf6P3+NrHh9/sD6CQdxHyjQI+h/6rDNo88ypBxxz45UDuZHz9r3tNz7N/VInSVoVdtXEI4A=="],

    "ox/@noble/curves": ["@noble/curves@1.9.1", "", { "dependencies": { "@noble/hashes": "1.8.0" } }, "sha512-k11yZxZg+t+gWvBbIswW0yoJlu8cHOC7dhunwOzoWH/mXGBiYyR4YY6hAEK/3EUs4UpB8la1RfdRpeGsFHkWsA=="],

    "ox/@noble/hashes": ["@noble/hashes@1.8.0", "", {}, "sha512-jCs9ldd7NwzpgXDIf6P3+NrHh9/sD6CQdxHyjQI+h/6rDNo88ypBxxz45UDuZHz9r3tNz7N/VInSVoVdtXEI4A=="],

    "ox/@scure/bip32": ["@scure/bip32@1.7.0", "", { "dependencies": { "@noble/curves": "~1.9.0", "@noble/hashes": "~1.8.0", "@scure/base": "~1.2.5" } }, "sha512-E4FFX/N3f4B80AKWp5dP6ow+flD1LQZo/w8UnLGYZO674jS6YnYeepycOOksv+vLPSpgN35wgKgy+ybfTb2SMw=="],

    "ox/@scure/bip39": ["@scure/bip39@1.6.0", "", { "dependencies": { "@noble/hashes": "~1.8.0", "@scure/base": "~1.2.5" } }, "sha512-+lF0BbLiJNwVlev4eKelw1WWLaiKXw7sSl8T6FvBlWkdX+94aGJ4o8XjUdlyhTCjd8c+B3KT3JfS8P0bLRNU6A=="],

    "ox/abitype": ["abitype@1.2.3", "", { "peerDependencies": { "typescript": ">=5.0.4", "zod": "^3.22.0 || ^4.0.0" }, "optionalPeers": ["typescript", "zod"] }, "sha512-Ofer5QUnuUdTFsBRwARMoWKOH1ND5ehwYhJ3OJ/BQO+StkwQjHw0XyVh4vDttzHB7QOFhPHa/o413PJ82gU/Tg=="],

    "viem/@noble/curves": ["@noble/curves@1.9.1", "", { "dependencies": { "@noble/hashes": "1.8.0" } }, "sha512-k11yZxZg+t+gWvBbIswW0yoJlu8cHOC7dhunwOzoWH/mXGBiYyR4YY6hAEK/3EUs4UpB8la1RfdRpeGsFHkWsA=="],

    "viem/@noble/hashes": ["@noble/hashes@1.8.0", "", {}, "sha512-jCs9ldd7NwzpgXDIf6P3+NrHh9/sD6CQdxHyjQI+h/6rDNo88ypBxxz45UDuZHz9r3tNz7N/VInSVoVdtXEI4A=="],

    "viem/@scure/bip32": ["@scure/bip32@1.7.0", "", { "dependencies": { "@noble/curves": "~1.9.0", "@noble/hashes": "~1.8.0", "@scure/base": "~1.2.5" } }, "sha512-E4FFX/N3f4B80AKWp5dP6ow+flD1LQZo/w8UnLGYZO674jS6YnYeepycOOksv+vLPSpgN35wgKgy+ybfTb2SMw=="],

    "viem/@scure/bip39": ["@scure/bip39@1.6.0", "", { "dependencies": { "@noble/hashes": "~1.8.0", "@scure/base": "~1.2.5" } }, "sha512-+lF0BbLiJNwVlev4eKelw1WWLaiKXw7sSl8T6FvBlWkdX+94aGJ4o8XjUdlyhTCjd8c+B3KT3JfS8P0bLRNU6A=="],

    "viem/abitype": ["abitype@1.2.3", "", { "peerDependencies": { "typescript": ">=5.0.4", "zod": "^3.22.0 || ^4.0.0" }, "optionalPeers": ["typescript", "zod"] }, "sha512-Ofer5QUnuUdTFsBRwARMoWKOH1ND5ehwYhJ3OJ/BQO+StkwQjHw0XyVh4vDttzHB7QOFhPHa/o413PJ82gU/Tg=="],

    "@mysten/zklogin/@mysten/sui/@mysten/bcs": ["@mysten/bcs@1.2.0", "", { "dependencies": { "bs58": "^6.0.0" } }, "sha512-LuKonrGdGW7dq/EM6U2L9/as7dFwnhZnsnINzB/vu08Xfrj0qzWwpLOiXagAa5yZOPLK7anRZydMonczFkUPzA=="],

    "@mysten/zklogin/@mysten/sui/@noble/curves": ["@noble/curves@1.9.7", "", { "dependencies": { "@noble/hashes": "1.8.0" } }, "sha512-gbKGcRUYIjA3/zCCNaWDciTMFI0dCkvou3TL8Zmy5Nc7sJ47a0jtOeZoTaMxkuqRo9cRhjOdZJXegxYE5FN/xw=="],

    "@mysten/zklogin/@mysten/sui/@noble/hashes": ["@noble/hashes@1.8.0", "", {}, "sha512-jCs9ldd7NwzpgXDIf6P3+NrHh9/sD6CQdxHyjQI+h/6rDNo88ypBxxz45UDuZHz9r3tNz7N/VInSVoVdtXEI4A=="],

    "@mysten/zklogin/@mysten/sui/@scure/bip32": ["@scure/bip32@1.7.0", "", { "dependencies": { "@noble/curves": "~1.9.0", "@noble/hashes": "~1.8.0", "@scure/base": "~1.2.5" } }, "sha512-E4FFX/N3f4B80AKWp5dP6ow+flD1LQZo/w8UnLGYZO674jS6YnYeepycOOksv+vLPSpgN35wgKgy+ybfTb2SMw=="],

    "@mysten/zklogin/@mysten/sui/@scure/bip39": ["@scure/bip39@1.6.0", "", { "dependencies": { "@noble/hashes": "~1.8.0", "@scure/base": "~1.2.5" } }, "sha512-+lF0BbLiJNwVlev4eKelw1WWLaiKXw7sSl8T6FvBlWkdX+94aGJ4o8XjUdlyhTCjd8c+B3KT3JfS8P0bLRNU6A=="],

    "@mysten/zklogin/@mysten/sui/jose": ["jose@5.10.0", "", {}, "sha512-s+3Al/p9g32Iq+oqXxkW//7jk2Vig6FF1CFqzVXoTUXt2qz89YWbL+OwS17NFYEvxC35n0FKeGO2LGYSxeM2Gg=="],

    "@mysten/zklogin/@mysten/sui/valibot": ["valibot@0.36.0", "", {}, "sha512-CjF1XN4sUce8sBK9TixrDqFM7RwNkuXdJu174/AwmQUB62QbCQADg5lLe8ldBalFgtj1uKj+pKwDJiNo4Mn+eQ=="],

    "ox/@scure/bip32/@noble/curves": ["@noble/curves@1.9.7", "", { "dependencies": { "@noble/hashes": "1.8.0" } }, "sha512-gbKGcRUYIjA3/zCCNaWDciTMFI0dCkvou3TL8Zmy5Nc7sJ47a0jtOeZoTaMxkuqRo9cRhjOdZJXegxYE5FN/xw=="],

    "ox/@scure/bip32/@scure/base": ["@scure/base@1.2.6", "", {}, "sha512-g/nm5FgUa//MCj1gV09zTJTaM6KBAHqLN907YVQqf7zC49+DcO4B1so4ZX07Ef10Twr6nuqYEH9GEggFXA4Fmg=="],

    "ox/@scure/bip39/@scure/base": ["@scure/base@1.2.6", "", {}, "sha512-g/nm5FgUa//MCj1gV09zTJTaM6KBAHqLN907YVQqf7zC49+DcO4B1so4ZX07Ef10Twr6nuqYEH9GEggFXA4Fmg=="],

    "viem/@scure/bip32/@noble/curves": ["@noble/curves@1.9.7", "", { "dependencies": { "@noble/hashes": "1.8.0" } }, "sha512-gbKGcRUYIjA3/zCCNaWDciTMFI0dCkvou3TL8Zmy5Nc7sJ47a0jtOeZoTaMxkuqRo9cRhjOdZJXegxYE5FN/xw=="],

    "viem/@scure/bip32/@scure/base": ["@scure/base@1.2.6", "", {}, "sha512-g/nm5FgUa//MCj1gV09zTJTaM6KBAHqLN907YVQqf7zC49+DcO4B1so4ZX07Ef10Twr6nuqYEH9GEggFXA4Fmg=="],

    "viem/@scure/bip39/@scure/base": ["@scure/base@1.2.6", "", {}, "sha512-g/nm5FgUa//MCj1gV09zTJTaM6KBAHqLN907YVQqf7zC49+DcO4B1so4ZX07Ef10Twr6nuqYEH9GEggFXA4Fmg=="],

    "@mysten/zklogin/@mysten/sui/@scure/bip32/@scure/base": ["@scure/base@1.2.6", "", {}, "sha512-g/nm5FgUa//MCj1gV09zTJTaM6KBAHqLN907YVQqf7zC49+DcO4B1so4ZX07Ef10Twr6nuqYEH9GEggFXA4Fmg=="],

    "@mysten/zklogin/@mysten/sui/@scure/bip39/@scure/base": ["@scure/base@1.2.6", "", {}, "sha512-g/nm5FgUa//MCj1gV09zTJTaM6KBAHqLN907YVQqf7zC49+DcO4B1so4ZX07Ef10Twr6nuqYEH9GEggFXA4Fmg=="],
  }
}
